lockfileVersion: '9.0'

settings:
  autoInstallPeers: true
  excludeLinksFromLockfile: false

importers:

  .:
    dependencies:
      '@sentry/browser':
        specifier: 8.28.0
        version: 8.28.0
      '@stripe/react-stripe-js':
        specifier: ^2.8.0
        version: 2.8.0(@stripe/stripe-js@4.4.0)(react-dom@18.3.1(react@18.3.1))(react@18.3.1)
      '@stripe/stripe-js':
        specifier: ^4.4.0
        version: 4.4.0
      next:
        specifier: 14.2.7
        version: 14.2.7(react-dom@18.3.1(react@18.3.1))(react@18.3.1)
      react:
        specifier: ^18.3.1
        version: 18.3.1
      react-dom:
        specifier: ^18.3.1
        version: 18.3.1(react@18.3.1)
      stripe:
        specifier: ^16.9.0
        version: 16.9.0
    devDependencies:
      '@types/node':
        specifier: ^22.5.1
        version: 22.5.1
      '@types/react':
        specifier: ^18.3.5
        version: 18.3.5
      '@types/react-dom':
        specifier: ^18.3.0
        version: 18.3.0
      typescript:
        specifier: ^5.5.4
        version: 5.5.4

packages:

  '@next/env@14.2.7':
    resolution: {integrity: sha512-OTx9y6I3xE/eih+qtthppwLytmpJVPM5PPoJxChFsbjIEFXIayG0h/xLzefHGJviAa3Q5+Fd+9uYojKkHDKxoQ==}

  '@next/swc-darwin-arm64@14.2.7':
    resolution: {integrity: sha512-UhZGcOyI9LE/tZL3h9rs/2wMZaaJKwnpAyegUVDGZqwsla6hMfeSj9ssBWQS9yA4UXun3pPhrFLVnw5KXZs3vw==}
    engines: {node: '>= 10'}
    cpu: [arm64]
    os: [darwin]

  '@next/swc-darwin-x64@14.2.7':
    resolution: {integrity: sha512-ys2cUgZYRc+CbyDeLAaAdZgS7N1Kpyy+wo0b/gAj+SeOeaj0Lw/q+G1hp+DuDiDAVyxLBCJXEY/AkhDmtihUTA==}
    engines: {node: '>= 10'}
    cpu: [x64]
    os: [darwin]

  '@next/swc-linux-arm64-gnu@14.2.7':
    resolution: {integrity: sha512-2xoWtE13sUJ3qrC1lwE/HjbDPm+kBQYFkkiVECJWctRASAHQ+NwjMzgrfqqMYHfMxFb5Wws3w9PqzZJqKFdWcQ==}
    engines: {node: '>= 10'}
    cpu: [arm64]
    os: [linux]

  '@next/swc-linux-arm64-musl@14.2.7':
    resolution: {integrity: sha512-+zJ1gJdl35BSAGpkCbfyiY6iRTaPrt3KTl4SF/B1NyELkqqnrNX6cp4IjjjxKpd64/7enI0kf6b9O1Uf3cL0pw==}
    engines: {node: '>= 10'}
    cpu: [arm64]
    os: [linux]

  '@next/swc-linux-x64-gnu@14.2.7':
    resolution: {integrity: sha512-m6EBqrskeMUzykBrv0fDX/28lWIBGhMzOYaStp0ihkjzIYJiKUOzVYD1gULHc8XDf5EMSqoH/0/TRAgXqpQwmw==}
    engines: {node: '>= 10'}
    cpu: [x64]
    os: [linux]

  '@next/swc-linux-x64-musl@14.2.7':
    resolution: {integrity: sha512-gUu0viOMvMlzFRz1r1eQ7Ql4OE+hPOmA7smfZAhn8vC4+0swMZaZxa9CSIozTYavi+bJNDZ3tgiSdMjmMzRJlQ==}
    engines: {node: '>= 10'}
    cpu: [x64]
    os: [linux]

  '@next/swc-win32-arm64-msvc@14.2.7':
    resolution: {integrity: sha512-PGbONHIVIuzWlYmLvuFKcj+8jXnLbx4WrlESYlVnEzDsa3+Q2hI1YHoXaSmbq0k4ZwZ7J6sWNV4UZfx1OeOlbQ==}
    engines: {node: '>= 10'}
    cpu: [arm64]
    os: [win32]

  '@next/swc-win32-ia32-msvc@14.2.7':
    resolution: {integrity: sha512-BiSY5umlx9ed5RQDoHcdbuKTUkuFORDqzYKPHlLeS+STUWQKWziVOn3Ic41LuTBvqE0TRJPKpio9GSIblNR+0w==}
    engines: {node: '>= 10'}
    cpu: [ia32]
    os: [win32]

  '@next/swc-win32-x64-msvc@14.2.7':
    resolution: {integrity: sha512-pxsI23gKWRt/SPHFkDEsP+w+Nd7gK37Hpv0ngc5HpWy2e7cKx9zR/+Q2ptAUqICNTecAaGWvmhway7pj/JLEWA==}
    engines: {node: '>= 10'}
    cpu: [x64]
    os: [win32]

  '@sentry-internal/browser-utils@8.28.0':
    resolution: {integrity: sha512-tE9++KEy8SlqibTmYymuxFVAnutsXBqrwQ936WJbjaMfkqXiro7C1El0ybkprskd0rKS7kln20Q6nQlNlMEoTA==}
    engines: {node: '>=14.18'}

  '@sentry-internal/feedback@8.28.0':
    resolution: {integrity: sha512-5vYunPCDBLCJ8QNnhepacdYheiN+UtYxpGAIaC/zjBC1nDuBgWs+TfKPo1UlO/1sesfgs9ibpxtShOweucL61g==}
    engines: {node: '>=14.18'}

  '@sentry-internal/replay-canvas@8.28.0':
    resolution: {integrity: sha512-RfpYHDHMUKGeEdx41QtHITjEn6P3tGaDPHvatqdrD3yv4j+wbJ6laX1PrIxCpGFUtjdzkqi/KUcvUd2kzbH/FA==}
    engines: {node: '>=14.18'}

  '@sentry-internal/replay@8.28.0':
    resolution: {integrity: sha512-70jvzzOL5O74gahgXKyRkZgiYN93yly5gq+bbj4/6NRQ+EtPd285+ccy0laExdfyK0ugvvwD4v+1MQit52OAsg==}
    engines: {node: '>=14.18'}

  '@sentry/browser@8.28.0':
    resolution: {integrity: sha512-i/gjMYzIGQiPFH1pCbdnTwH9xs9mTAqzN+goP3GWX5a58frc7h8vxyA/5z0yMd0aCW6U8mVxnoAT72vGbKbx0g==}
    engines: {node: '>=14.18'}

  '@sentry/core@8.28.0':
    resolution: {integrity: sha512-+If9uubvpZpvaQQw4HLiKPhrSS9/KcoA/AcdQkNm+5CVwAoOmDPtyYfkPBgfo2hLZnZQqR1bwkz/PrNoOm+gqA==}
    engines: {node: '>=14.18'}

  '@sentry/types@8.28.0':
    resolution: {integrity: sha512-hOfqfd92/AzBrEdMgmmV1VfOXJbIfleFTnerRl0mg/+CcNgP/6+Fdonp354TD56ouWNF2WkOM6sEKSXMWp6SEQ==}
    engines: {node: '>=14.18'}

  '@sentry/utils@8.28.0':
    resolution: {integrity: sha512-smhk7PJpvDMQ2DB5p2qn9UeoUHdU41IgjMmS2xklZpa8tjzBTxDeWpGvrX2fuH67D9bAJuLC/XyZjJCHLoEW5g==}
    engines: {node: '>=14.18'}

  '@stripe/react-stripe-js@2.8.0':
    resolution: {integrity: sha512-Vf1gNEuBxA9EtxiLghm2ZWmgbADNMJw4HW6eolUu0DON/6mZvWZgk0KHolN0sozNJwYp0i/8hBsDBcBUWcvnbw==}
    peerDependencies:
      '@stripe/stripe-js': ^1.44.1 || ^2.0.0 || ^3.0.0 || ^4.0.0
      react: ^16.8.0 || ^17.0.0 || ^18.0.0
      react-dom: ^16.8.0 || ^17.0.0 || ^18.0.0

  '@stripe/stripe-js@4.4.0':
    resolution: {integrity: sha512-p1WeTOwnAyXQ9I5/YC3+JXoUB6NKMR4qGjBobie2+rgYa3ftUTRS2L5qRluw/tGACty5SxqnfORCdsaymD1XjQ==}
    engines: {node: '>=12.16'}

  '@swc/counter@0.1.3':
    resolution: {integrity: sha512-e2BR4lsJkkRlKZ/qCHPw9ZaSxc0MVUd7gtbtaB7aMvHeJVYe8sOB8DBZkP2DtISHGSku9sCK6T6cnY0CtXrOCQ==}

  '@swc/helpers@0.5.5':
    resolution: {integrity: sha512-KGYxvIOXcceOAbEk4bi/dVLEK9z8sZ0uBB3Il5b1rhfClSpcX0yfRO0KmTkqR2cnQDymwLB+25ZyMzICg/cm/A==}

  '@types/node@22.5.1':
    resolution: {integrity: sha512-KkHsxej0j9IW1KKOOAA/XBA0z08UFSrRQHErzEfA3Vgq57eXIMYboIlHJuYIfd+lwCQjtKqUu3UnmKbtUc9yRw==}

  '@types/prop-types@15.7.12':
    resolution: {integrity: sha512-5zvhXYtRNRluoE/jAp4GVsSduVUzNWKkOZrCDBWYtE7biZywwdC2AcEzg+cSMLFRfVgeAFqpfNabiPjxFddV1Q==}

  '@types/react-dom@18.3.0':
    resolution: {integrity: sha512-EhwApuTmMBmXuFOikhQLIBUn6uFg81SwLMOAUgodJF14SOBOCMdU04gDoYi0WOJJHD144TL32z4yDqCW3dnkQg==}

  '@types/react@18.3.5':
    resolution: {integrity: sha512-WeqMfGJLGuLCqHGYRGHxnKrXcTitc6L/nBUWfWPcTarG3t9PsquqUMuVeXZeca+mglY4Vo5GZjCi0A3Or2lnxA==}

  busboy@1.6.0:
    resolution: {integrity: sha512-8SFQbg/0hQ9xy3UNTB0YEnsNBbWfhf7RtnzpL7TkBiTBRfrQ9Fxcnz7VJsleJpyp6rVLvXiuORqjlHi5q+PYuA==}
    engines: {node: '>=10.16.0'}

  call-bind@1.0.7:
    resolution: {integrity: sha512-GHTSNSYICQ7scH7sZ+M2rFopRoLh8t2bLSW6BbgrtLsahOIB5iyAVJf9GjWK3cYTDaMj4XdBpM1cA6pIS0Kv2w==}
    engines: {node: '>= 0.4'}

  caniuse-lite@1.0.30001655:
    resolution: {integrity: sha512-jRGVy3iSGO5Uutn2owlb5gR6qsGngTw9ZTb4ali9f3glshcNmJ2noam4Mo9zia5P9Dk3jNNydy7vQjuE5dQmfg==}

  client-only@0.0.1:
    resolution: {integrity: sha512-IV3Ou0jSMzZrd3pZ48nLkT9DA7Ag1pnPzaiQhpW7c3RbcqqzvzzVu+L8gfqMp/8IM2MQtSiqaCxrrcfu8I8rMA==}

  csstype@3.1.3:
    resolution: {integrity: sha512-M1uQkMl8rQK/szD0LNhtqxIPLpimGm8sOBwU7lLnCpSbTyY3yeU1Vc7l4KT5zT4s/yOxHH5O7tIuuLOCnLADRw==}

  define-data-property@1.1.4:
    resolution: {integrity: sha512-rBMvIzlpA8v6E+SJZoo++HAYqsLrkg7MSfIinMPFhmkorw7X+dOXVJQs+QT69zGkzMyfDnIMN2Wid1+NbL3T+A==}
    engines: {node: '>= 0.4'}

  es-define-property@1.0.0:
    resolution: {integrity: sha512-jxayLKShrEqqzJ0eumQbVhTYQM27CfT1T35+gCgDFoL82JLsXqTJ76zv6A0YLOgEnLUMvLzsDsGIrl8NFpT2gQ==}
    engines: {node: '>= 0.4'}

  es-errors@1.3.0:
    resolution: {integrity: sha512-Zf5H2Kxt2xjTvbJvP2ZWLEICxA6j+hAmMzIlypy4xcBg1vKVnx89Wy0GbS+kf5cwCVFFzdCFh2XSCFNULS6csw==}
    engines: {node: '>= 0.4'}

  function-bind@1.1.2:
    resolution: {integrity: sha512-7XHNxH7qX9xG5mIwxkhumTox/MIRNcOgDrxWsMt2pAr23WHp6MrRlN7FBSFpCpr+oVO0F744iUgR82nJMfG2SA==}

  get-intrinsic@1.2.4:
    resolution: {integrity: sha512-5uYhsJH8VJBTv7oslg4BznJYhDoRI6waYCxMmCdnTrcCrHA/fCFKoTFz2JKKE0HdDFUF7/oQuhzumXJK7paBRQ==}
    engines: {node: '>= 0.4'}

  gopd@1.0.1:
    resolution: {integrity: sha512-d65bNlIadxvpb/A2abVdlqKqV563juRnZ1Wtk6s1sIR8uNsXR70xqIzVqxVf1eTqDunwT2MkczEeaezCKTZhwA==}

  graceful-fs@4.2.11:
    resolution: {integrity: sha512-RbJ5/jmFcNNCcDV5o9eTnBLJ/HszWV0P73bc+Ff4nS/rJj+YaS6IGyiOL0VoBYX+l1Wrl3k63h/KrH+nhJ0XvQ==}

  has-property-descriptors@1.0.2:
    resolution: {integrity: sha512-55JNKuIW+vq4Ke1BjOTjM2YctQIvCT7GFzHwmfZPGo5wnrgkid0YQtnAleFSqumZm4az3n2BS+erby5ipJdgrg==}

  has-proto@1.0.3:
    resolution: {integrity: sha512-SJ1amZAJUiZS+PhsVLf5tGydlaVB8EdFpaSO4gmiUKUOxk8qzn5AIy4ZeJUmh22znIdk/uMAUT2pl3FxzVUH+Q==}
    engines: {node: '>= 0.4'}

  has-symbols@1.0.3:
    resolution: {integrity: sha512-l3LCuF6MgDNwTDKkdYGEihYjt5pRPbEg46rtlmnSPlUbgmB8LOIrKJbYYFBSbnPaJexMKtiPO8hmeRjRz2Td+A==}
    engines: {node: '>= 0.4'}

  hasown@2.0.2:
    resolution: {integrity: sha512-0hJU9SCPvmMzIBdZFqNPXWa6dqh7WdH0cII9y+CyS8rG3nL48Bclra9HmKhVVUHyPWNH5Y7xDwAB7bfgSjkUMQ==}
    engines: {node: '>= 0.4'}

  js-tokens@4.0.0:
    resolution: {integrity: sha512-RdJUflcE3cUzKiMqQgsCu06FPu9UdIJO0beYbPhHN4k6apgJtifcoCtT9bcxOpYBtpD2kCM6Sbzg4CausW/PKQ==}

  loose-envify@1.4.0:
    resolution: {integrity: sha512-lyuxPGr/Wfhrlem2CL/UcnUc1zcqKAImBDzukY7Y5F/yQiNdko6+fRLevlw1HgMySw7f611UIY408EtxRSoK3Q==}
    hasBin: true

  nanoid@3.3.7:
    resolution: {integrity: sha512-eSRppjcPIatRIMC1U6UngP8XFcz8MQWGQdt1MTBQ7NaAmvXDfvNxbvWV3x2y6CdEUciCSsDHDQZbhYaB8QEo2g==}
    engines: {node: ^10 || ^12 || ^13.7 || ^14 || >=15.0.1}
    hasBin: true

  next@14.2.7:
    resolution: {integrity: sha512-4Qy2aK0LwH4eQiSvQWyKuC7JXE13bIopEQesWE0c/P3uuNRnZCQanI0vsrMLmUQJLAto+A+/8+sve2hd+BQuOQ==}
    engines: {node: '>=18.17.0'}
    hasBin: true
    peerDependencies:
      '@opentelemetry/api': ^1.1.0
      '@playwright/test': ^1.41.2
      react: ^18.2.0
      react-dom: ^18.2.0
      sass: ^1.3.0
    peerDependenciesMeta:
      '@opentelemetry/api':
        optional: true
      '@playwright/test':
        optional: true
      sass:
        optional: true

  object-assign@4.1.1:
    resolution: {integrity: sha512-rJgTQnkUnH1sFw8yT6VSU3zD3sWmu6sZhIseY8VX+GRu3P6F7Fu+JNDoXfklElbLJSnc3FUQHVe4cU5hj+BcUg==}
    engines: {node: '>=0.10.0'}

  object-inspect@1.13.2:
    resolution: {integrity: sha512-IRZSRuzJiynemAXPYtPe5BoI/RESNYR7TYm50MC5Mqbd3Jmw5y790sErYw3V6SryFJD64b74qQQs9wn5Bg/k3g==}
    engines: {node: '>= 0.4'}

  picocolors@1.0.1:
    resolution: {integrity: sha512-anP1Z8qwhkbmu7MFP5iTt+wQKXgwzf7zTyGlcdzabySa9vd0Xt392U0rVmz9poOaBj0uHJKyyo9/upk0HrEQew==}

  postcss@8.4.31:
    resolution: {integrity: sha512-PS08Iboia9mts/2ygV3eLpY5ghnUcfLV/EXTOW1E2qYxJKGGBUtNjN76FYHnMs36RmARn41bC0AZmn+rR0OVpQ==}
    engines: {node: ^10 || ^12 || >=14}

  prop-types@15.8.1:
    resolution: {integrity: sha512-oj87CgZICdulUohogVAR7AjlC0327U4el4L6eAvOqCeudMDVU0NThNaV+b9Df4dXgSP1gXMTnPdhfe/2qDH5cg==}

  qs@6.13.0:
    resolution: {integrity: sha512-+38qI9SOr8tfZ4QmJNplMUxqjbe7LKvvZgWdExBOmd+egZTtjLB67Gu0HRX3u/XOq7UU2Nx6nsjvS16Z9uwfpg==}
    engines: {node: '>=0.6'}

  react-dom@18.3.1:
    resolution: {integrity: sha512-5m4nQKp+rZRb09LNH59GM4BxTh9251/ylbKIbpe7TpGxfJ+9kv6BLkLBXIjjspbgbnIBNqlI23tRnTWT0snUIw==}
    peerDependencies:
      react: ^18.3.1

  react-is@16.13.1:
    resolution: {integrity: sha512-24e6ynE2H+OKt4kqsOvNd8kBpV65zoxbA4BVsEOB3ARVWQki/DHzaUoC5KuON/BiccDaCCTZBuOcfZs70kR8bQ==}

  react@18.3.1:
    resolution: {integrity: sha512-wS+hAgJShR0KhEvPJArfuPVN1+Hz1t0Y6n5jLrGQbkb4urgPE/0Rve+1kMB1v/oWgHgm4WIcV+i7F2pTVj+2iQ==}
    engines: {node: '>=0.10.0'}

  scheduler@0.23.2:
    resolution: {integrity: sha512-UOShsPwz7NrMUqhR6t0hWjFduvOzbtv7toDH1/hIrfRNIDBnnBWd0CwJTGvTpngVlmwGCdP9/Zl/tVrDqcuYzQ==}

  set-function-length@1.2.2:
    resolution: {integrity: sha512-pgRc4hJ4/sNjWCSS9AmnS40x3bNMDTknHgL5UaMBTMyJnU90EgWh1Rz+MC9eFu4BuN/UwZjKQuY/1v3rM7HMfg==}
    engines: {node: '>= 0.4'}

  side-channel@1.0.6:
    resolution: {integrity: sha512-fDW/EZ6Q9RiO8eFG8Hj+7u/oW+XrPTIChwCOM2+th2A6OblDtYYIpve9m+KvI9Z4C9qSEXlaGR6bTEYHReuglA==}
    engines: {node: '>= 0.4'}

  source-map-js@1.2.0:
    resolution: {integrity: sha512-itJW8lvSA0TXEphiRoawsCksnlf8SyvmFzIhltqAHluXd88pkCd+cXJVHTDwdCr0IzwptSm035IHQktUu1QUMg==}
    engines: {node: '>=0.10.0'}

  streamsearch@1.1.0:
    resolution: {integrity: sha512-Mcc5wHehp9aXz1ax6bZUyY5afg9u2rv5cqQI3mRrYkGC8rW2hM02jWuwjtL++LS5qinSyhj2QfLyNsuc+VsExg==}
    engines: {node: '>=10.0.0'}

  stripe@16.9.0:
    resolution: {integrity: sha512-SgzwdMgWNe1FD1A1WevZ/wuv8b4yWz8SiG/vO7Pf4cBl0qat20Clz8Zself+tcbB+fuMkZJrjJ2WmarIgXfCow==}
    engines: {node: '>=12.*'}

  styled-jsx@5.1.1:
    resolution: {integrity: sha512-pW7uC1l4mBZ8ugbiZrcIsiIvVx1UmTfw7UkC3Um2tmfUq9Bhk8IiyEIPl6F8agHgjzku6j0xQEZbfA5uSgSaCw==}
    engines: {node: '>= 12.0.0'}
    peerDependencies:
      '@babel/core': '*'
      babel-plugin-macros: '*'
      react: '>= 16.8.0 || 17.x.x || ^18.0.0-0'
    peerDependenciesMeta:
      '@babel/core':
        optional: true
      babel-plugin-macros:
        optional: true

  tslib@2.7.0:
    resolution: {integrity: sha512-gLXCKdN1/j47AiHiOkJN69hJmcbGTHI0ImLmbYLHykhgeN0jVGola9yVjFgzCUklsZQMW55o+dW7IXv3RCXDzA==}

  typescript@5.5.4:
    resolution: {integrity: sha512-Mtq29sKDAEYP7aljRgtPOpTvOfbwRWlS6dPRzwjdE+C0R4brX/GUyhHSecbHMFLNBLcJIPt9nl9yG5TZ1weH+Q==}
    engines: {node: '>=14.17'}
    hasBin: true

  undici-types@6.19.8:
    resolution: {integrity: sha512-ve2KP6f/JnbPBFyobGHuerC9g1FYGn/F8n1LWTwNxCEzd6IfqTwUQcNXgEtmmQ6DlRrC1hrSrBnCZPokRrDHjw==}

snapshots:

  '@next/env@14.2.7': {}

  '@next/swc-darwin-arm64@14.2.7':
    optional: true

  '@next/swc-darwin-x64@14.2.7':
    optional: true

  '@next/swc-linux-arm64-gnu@14.2.7':
    optional: true

  '@next/swc-linux-arm64-musl@14.2.7':
    optional: true

  '@next/swc-linux-x64-gnu@14.2.7':
    optional: true

  '@next/swc-linux-x64-musl@14.2.7':
    optional: true

  '@next/swc-win32-arm64-msvc@14.2.7':
    optional: true

  '@next/swc-win32-ia32-msvc@14.2.7':
    optional: true

  '@next/swc-win32-x64-msvc@14.2.7':
    optional: true

  '@sentry-internal/browser-utils@8.28.0':
    dependencies:
      '@sentry/core': 8.28.0
      '@sentry/types': 8.28.0
      '@sentry/utils': 8.28.0

  '@sentry-internal/feedback@8.28.0':
    dependencies:
      '@sentry/core': 8.28.0
      '@sentry/types': 8.28.0
      '@sentry/utils': 8.28.0

  '@sentry-internal/replay-canvas@8.28.0':
    dependencies:
      '@sentry-internal/replay': 8.28.0
      '@sentry/core': 8.28.0
      '@sentry/types': 8.28.0
      '@sentry/utils': 8.28.0

  '@sentry-internal/replay@8.28.0':
    dependencies:
      '@sentry-internal/browser-utils': 8.28.0
      '@sentry/core': 8.28.0
      '@sentry/types': 8.28.0
      '@sentry/utils': 8.28.0

  '@sentry/browser@8.28.0':
    dependencies:
      '@sentry-internal/browser-utils': 8.28.0
      '@sentry-internal/feedback': 8.28.0
      '@sentry-internal/replay': 8.28.0
      '@sentry-internal/replay-canvas': 8.28.0
      '@sentry/core': 8.28.0
      '@sentry/types': 8.28.0
      '@sentry/utils': 8.28.0

  '@sentry/core@8.28.0':
    dependencies:
      '@sentry/types': 8.28.0
      '@sentry/utils': 8.28.0

  '@sentry/types@8.28.0': {}

  '@sentry/utils@8.28.0':
    dependencies:
      '@sentry/types': 8.28.0

  '@stripe/react-stripe-js@2.8.0(@stripe/stripe-js@4.4.0)(react-dom@18.3.1(react@18.3.1))(react@18.3.1)':
    dependencies:
      '@stripe/stripe-js': 4.4.0
      prop-types: 15.8.1
      react: 18.3.1
      react-dom: 18.3.1(react@18.3.1)

  '@stripe/stripe-js@4.4.0': {}

  '@swc/counter@0.1.3': {}

  '@swc/helpers@0.5.5':
    dependencies:
      '@swc/counter': 0.1.3
      tslib: 2.7.0

  '@types/node@22.5.1':
    dependencies:
      undici-types: 6.19.8

  '@types/prop-types@15.7.12': {}

  '@types/react-dom@18.3.0':
    dependencies:
      '@types/react': 18.3.5

  '@types/react@18.3.5':
    dependencies:
      '@types/prop-types': 15.7.12
      csstype: 3.1.3

  busboy@1.6.0:
    dependencies:
      streamsearch: 1.1.0

  call-bind@1.0.7:
    dependencies:
      es-define-property: 1.0.0
      es-errors: 1.3.0
      function-bind: 1.1.2
      get-intrinsic: 1.2.4
      set-function-length: 1.2.2

  caniuse-lite@1.0.30001655: {}

  client-only@0.0.1: {}

  csstype@3.1.3: {}

  define-data-property@1.1.4:
    dependencies:
      es-define-property: 1.0.0
      es-errors: 1.3.0
      gopd: 1.0.1

  es-define-property@1.0.0:
    dependencies:
      get-intrinsic: 1.2.4

  es-errors@1.3.0: {}

  function-bind@1.1.2: {}

  get-intrinsic@1.2.4:
    dependencies:
      es-errors: 1.3.0
      function-bind: 1.1.2
      has-proto: 1.0.3
      has-symbols: 1.0.3
      hasown: 2.0.2

  gopd@1.0.1:
    dependencies:
      get-intrinsic: 1.2.4

  graceful-fs@4.2.11: {}

  has-property-descriptors@1.0.2:
    dependencies:
      es-define-property: 1.0.0

  has-proto@1.0.3: {}

  has-symbols@1.0.3: {}

  hasown@2.0.2:
    dependencies:
      function-bind: 1.1.2

  js-tokens@4.0.0: {}

  loose-envify@1.4.0:
    dependencies:
      js-tokens: 4.0.0

  nanoid@3.3.7: {}

  next@14.2.7(react-dom@18.3.1(react@18.3.1))(react@18.3.1):
    dependencies:
      '@next/env': 14.2.7
      '@swc/helpers': 0.5.5
      busboy: 1.6.0
      caniuse-lite: 1.0.30001655
      graceful-fs: 4.2.11
      postcss: 8.4.31
      react: 18.3.1
      react-dom: 18.3.1(react@18.3.1)
      styled-jsx: 5.1.1(react@18.3.1)
    optionalDependencies:
      '@next/swc-darwin-arm64': 14.2.7
      '@next/swc-darwin-x64': 14.2.7
      '@next/swc-linux-arm64-gnu': 14.2.7
      '@next/swc-linux-arm64-musl': 14.2.7
      '@next/swc-linux-x64-gnu': 14.2.7
      '@next/swc-linux-x64-musl': 14.2.7
      '@next/swc-win32-arm64-msvc': 14.2.7
      '@next/swc-win32-ia32-msvc': 14.2.7
      '@next/swc-win32-x64-msvc': 14.2.7
    transitivePeerDependencies:
      - '@babel/core'
      - babel-plugin-macros

  object-assign@4.1.1: {}

  object-inspect@1.13.2: {}

  picocolors@1.0.1: {}

  postcss@8.4.31:
    dependencies:
      nanoid: 3.3.7
      picocolors: 1.0.1
      source-map-js: 1.2.0

  prop-types@15.8.1:
    dependencies:
      loose-envify: 1.4.0
      object-assign: 4.1.1
      react-is: 16.13.1

  qs@6.13.0:
    dependencies:
      side-channel: 1.0.6

  react-dom@18.3.1(react@18.3.1):
    dependencies:
      loose-envify: 1.4.0
      react: 18.3.1
      scheduler: 0.23.2

  react-is@16.13.1: {}

  react@18.3.1:
    dependencies:
      loose-envify: 1.4.0

  scheduler@0.23.2:
    dependencies:
      loose-envify: 1.4.0

  set-function-length@1.2.2:
    dependencies:
      define-data-property: 1.1.4
      es-errors: 1.3.0
      function-bind: 1.1.2
      get-intrinsic: 1.2.4
      gopd: 1.0.1
      has-property-descriptors: 1.0.2

  side-channel@1.0.6:
    dependencies:
      call-bind: 1.0.7
      es-errors: 1.3.0
      get-intrinsic: 1.2.4
      object-inspect: 1.13.2

  source-map-js@1.2.0: {}

  streamsearch@1.1.0: {}

  stripe@16.9.0:
    dependencies:
      '@types/node': 22.5.1
      qs: 6.13.0

  styled-jsx@5.1.1(react@18.3.1):
    dependencies:
      client-only: 0.0.1
      react: 18.3.1

  tslib@2.7.0: {}

  typescript@5.5.4: {}

  undici-types@6.19.8: {}
